
Microsoft Visual Studio Solution File, Format Version 12.00
# Visual Studio Version 16
VisualStudioVersion = 16.0.29911.84
MinimumVisualStudioVersion = 10.0.40219.1
Project("{FAE04EC0-301F-11D3-BF4B-00C04F79EFBC}") = "Udemy-WebAPI-VueJS-Course", "Udemy-WebAPI-VueJS-Course.csproj", "{6CE3C892-C6C9-4064-9252-D3918099CF79}"
EndProject
Global
	GlobalSection(SolutionConfigurationPlatforms) = preSolution
		Debug|Any CPU = Debug|Any CPU
		Release|Any CPU = Release|Any CPU
	EndGlobalSection
	GlobalSection(ProjectConfigurationPlatforms) = postSolution
		{6CE3C892-C6C9-4064-9252-D3918099CF79}.Debug|Any CPU.ActiveCfg = Debug|Any CPU
		{6CE3C892-C6C9-4064-9252-D3918099CF79}.Debug|Any CPU.Build.0 = Debug|Any CPU
		{6CE3C892-C6C9-4064-9252-D3918099CF79}.Release|Any CPU.ActiveCfg = Release|Any CPU
		{6CE3C892-C6C9-4064-9252-D3918099CF79}.Release|Any CPU.Build.0 = Release|Any CPU
	EndGlobalSection
	GlobalSection(SolutionProperties) = preSolution
		HideSolutionNode = FALSE
	EndGlobalSection
	GlobalSection(ExtensibilityGlobals) = postSolution
		SolutionGuid = {4A5D5128-2B99-49BE-A6B0-8886C72D91B8}
	EndGlobalSection
EndGlobal
